
Microsoft Visual Studio Solution File, Format Version 12.00
# Visual Studio Version 17
VisualStudioVersion = 17.0.31903.59
MinimumVisualStudioVersion = 10.0.40219.1
Project("{2150E333-8FDC-42A3-9474-1A3956D46DE8}") = "Solution Items", "Solution Items", "{F78686D1-0285-4F16-9946-2E086D6E356D}"
	ProjectSection(SolutionItems) = preProject
		Directory.Build.props = Directory.Build.props
		Directory.Packages.props = Directory.Packages.props
	EndProjectSection
EndProject
Project("{2150E333-8FDC-42A3-9474-1A3956D46DE8}") = "Backend", "Backend", "{0C13A78B-5DE3-4C67-B74A-D222B4867379}"
EndProject
Project("{2150E333-8FDC-42A3-9474-1A3956D46DE8}") = "Frontend", "Frontend", "{E1876A84-FF4C-46BD-95E3-44EE085E4183}"
EndProject
Project("{2150E333-8FDC-42A3-9474-1A3956D46DE8}") = "Database", "Database", "{2A9D2C29-59E5-4045-B90C-366664F171E2}"
EndProject
Project("{2150E333-8FDC-42A3-9474-1A3956D46DE8}") = "src", "src", "{06073D9B-1F9F-49FA-9248-C28A4E47E367}"
EndProject
Project("{FAE04EC0-301F-11D3-BF4B-00C04F79EFBC}") = "Shelter.API", "src\Shelter.API\Shelter.API.csproj", "{D0393496-90E4-4EA1-A511-4AE473CD09F1}"
EndProject
Project("{FAE04EC0-301F-11D3-BF4B-00C04F79EFBC}") = "Shelter.Application", "src\Shelter.Application\Shelter.Application.csproj", "{3977D73F-6A0D-41B5-B8AC-BE90D8C2CF86}"
EndProject
Project("{FAE04EC0-301F-11D3-BF4B-00C04F79EFBC}") = "Shelter.Infrastructure", "src\Shelter.Infrastructure\Shelter.Infrastructure.csproj", "{95E996CF-6137-40EC-8FD3-B471EF2ECA51}"
EndProject
Project("{FAE04EC0-301F-11D3-BF4B-00C04F79EFBC}") = "Shelter.Shared", "src\Shelter.Shared\Shelter.Shared.csproj", "{C99A68C9-041C-4FFF-9D5D-4CCE10079114}"
EndProject
Project("{00D1A9C2-B5F0-4AF3-8072-F6C62B433612}") = "Shelter.Database", "src\Shelter.Database\Shelter.Database.sqlproj", "{1DD0EBA9-9694-444F-8C91-EF3A1629E70F}"
EndProject
Project("{FAE04EC0-301F-11D3-BF4B-00C04F79EFBC}") = "Shelter.Frontend", "src\Shelter.Frontend\Shelter.Frontend.csproj", "{500E4B03-03E8-4C09-A932-739A3FF9ED43}"
EndProject
Global
	GlobalSection(SolutionConfigurationPlatforms) = preSolution
		Debug|Any CPU = Debug|Any CPU
		Release|Any CPU = Release|Any CPU
	EndGlobalSection
	GlobalSection(ProjectConfigurationPlatforms) = postSolution
		{D0393496-90E4-4EA1-A511-4AE473CD09F1}.Debug|Any CPU.ActiveCfg = Debug|Any CPU
		{D0393496-90E4-4EA1-A511-4AE473CD09F1}.Debug|Any CPU.Build.0 = Debug|Any CPU
		{D0393496-90E4-4EA1-A511-4AE473CD09F1}.Release|Any CPU.ActiveCfg = Release|Any CPU
		{D0393496-90E4-4EA1-A511-4AE473CD09F1}.Release|Any CPU.Build.0 = Release|Any CPU
		{3977D73F-6A0D-41B5-B8AC-BE90D8C2CF86}.Debug|Any CPU.ActiveCfg = Debug|Any CPU
		{3977D73F-6A0D-41B5-B8AC-BE90D8C2CF86}.Debug|Any CPU.Build.0 = Debug|Any CPU
		{3977D73F-6A0D-41B5-B8AC-BE90D8C2CF86}.Release|Any CPU.ActiveCfg = Release|Any CPU
		{3977D73F-6A0D-41B5-B8AC-BE90D8C2CF86}.Release|Any CPU.Build.0 = Release|Any CPU
		{95E996CF-6137-40EC-8FD3-B471EF2ECA51}.Debug|Any CPU.ActiveCfg = Debug|Any CPU
		{95E996CF-6137-40EC-8FD3-B471EF2ECA51}.Debug|Any CPU.Build.0 = Debug|Any CPU
		{95E996CF-6137-40EC-8FD3-B471EF2ECA51}.Release|Any CPU.ActiveCfg = Release|Any CPU
		{95E996CF-6137-40EC-8FD3-B471EF2ECA51}.Release|Any CPU.Build.0 = Release|Any CPU
		{C99A68C9-041C-4FFF-9D5D-4CCE10079114}.Debug|Any CPU.ActiveCfg = Debug|Any CPU
		{C99A68C9-041C-4FFF-9D5D-4CCE10079114}.Debug|Any CPU.Build.0 = Debug|Any CPU
		{C99A68C9-041C-4FFF-9D5D-4CCE10079114}.Release|Any CPU.ActiveCfg = Release|Any CPU
		{C99A68C9-041C-4FFF-9D5D-4CCE10079114}.Release|Any CPU.Build.0 = Release|Any CPU
		{1DD0EBA9-9694-444F-8C91-EF3A1629E70F}.Debug|Any CPU.ActiveCfg = Debug|Any CPU
		{1DD0EBA9-9694-444F-8C91-EF3A1629E70F}.Debug|Any CPU.Build.0 = Debug|Any CPU
		{1DD0EBA9-9694-444F-8C91-EF3A1629E70F}.Debug|Any CPU.Deploy.0 = Debug|Any CPU
		{1DD0EBA9-9694-444F-8C91-EF3A1629E70F}.Release|Any CPU.ActiveCfg = Release|Any CPU
		{1DD0EBA9-9694-444F-8C91-EF3A1629E70F}.Release|Any CPU.Build.0 = Release|Any CPU
		{1DD0EBA9-9694-444F-8C91-EF3A1629E70F}.Release|Any CPU.Deploy.0 = Release|Any CPU
		{500E4B03-03E8-4C09-A932-739A3FF9ED43}.Debug|Any CPU.ActiveCfg = Debug|Any CPU
		{500E4B03-03E8-4C09-A932-739A3FF9ED43}.Debug|Any CPU.Build.0 = Debug|Any CPU
		{500E4B03-03E8-4C09-A932-739A3FF9ED43}.Release|Any CPU.ActiveCfg = Release|Any CPU
		{500E4B03-03E8-4C09-A932-739A3FF9ED43}.Release|Any CPU.Build.0 = Release|Any CPU
	EndGlobalSection
	GlobalSection(SolutionProperties) = preSolution
		HideSolutionNode = FALSE
	EndGlobalSection
	GlobalSection(NestedProjects) = preSolution
		{0C13A78B-5DE3-4C67-B74A-D222B4867379} = {06073D9B-1F9F-49FA-9248-C28A4E47E367}
		{E1876A84-FF4C-46BD-95E3-44EE085E4183} = {06073D9B-1F9F-49FA-9248-C28A4E47E367}
		{2A9D2C29-59E5-4045-B90C-366664F171E2} = {06073D9B-1F9F-49FA-9248-C28A4E47E367}
		{D0393496-90E4-4EA1-A511-4AE473CD09F1} = {0C13A78B-5DE3-4C67-B74A-D222B4867379}
		{3977D73F-6A0D-41B5-B8AC-BE90D8C2CF86} = {0C13A78B-5DE3-4C67-B74A-D222B4867379}
		{95E996CF-6137-40EC-8FD3-B471EF2ECA51} = {0C13A78B-5DE3-4C67-B74A-D222B4867379}
		{C99A68C9-041C-4FFF-9D5D-4CCE10079114} = {0C13A78B-5DE3-4C67-B74A-D222B4867379}
		{1DD0EBA9-9694-444F-8C91-EF3A1629E70F} = {2A9D2C29-59E5-4045-B90C-366664F171E2}
		{500E4B03-03E8-4C09-A932-739A3FF9ED43} = {E1876A84-FF4C-46BD-95E3-44EE085E4183}
	EndGlobalSection
EndGlobal
